
Microsoft Visual Studio Solution File, Format Version 9.00
# Visual Studio 2005
Project("{8BC9CEB8-8B4A-11D0-8D11-00A0C91BC942}") = "dbg", "dbg.vcproj", "{4E5359B4-A9A4-4E52-8302-7C62F365EF02}"
EndProject
Global
	GlobalSection(SolutionConfigurationPlatforms) = preSolution
		Debug|Win32 = Debug|Win32
	EndGlobalSection
	GlobalSection(ProjectConfigurationPlatforms) = postSolution
		{4E5359B4-A9A4-4E52-8302-7C62F365EF02}.Debug|Win32.ActiveCfg = Debug|Win32
		{4E5359B4-A9A4-4E52-8302-7C62F365EF02}.Debug|Win32.Build.0 = Debug|Win32
	EndGlobalSection
	GlobalSection(SolutionProperties) = preSolution
		HideSolutionNode = FALSE
	EndGlobalSection
EndGlobal
